{
  "name": "sample-template",
  "lockfileVersion": 2,
  "requires": true,
  "packages": {
    "": {
      "name": "sample-template",
      "dependencies": {
        "@middy/cloudwatch-metrics": "^4.5.5",
        "@middy/core": "^4.5.5",
        "@middy/http-header-normalizer": "^4.5.5",
        "@middy/http-json-body-parser": "^4.5.5",
        "@middy/http-security-headers": "^4.5.5",
        "@types/aws-lambda": "^8.10.119",
        "aws-embedded-metrics": "^4.1.0",
        "http-status-codes": "^2.2.0"
      }
    },
    "node_modules/@datastructures-js/heap": {
      "version": "4.3.2",
      "resolved": "https://registry.npmjs.org/@datastructures-js/heap/-/heap-4.3.2.tgz",
      "integrity": "sha512-7/9QSsIZ+wMG3C9++mz9iOjdtTp9C036PISHvNjG3eyFO8nXOBJQFKgeV7M6/+EPl+oXXFRGBb8Ue60LsqTqGw=="
    },
    "node_modules/@middy/cloudwatch-metrics": {
      "version": "4.5.5",
      "resolved": "https://registry.npmjs.org/@middy/cloudwatch-metrics/-/cloudwatch-metrics-4.5.5.tgz",
      "integrity": "sha512-wlmJF4Jx25Zt5ITqnPDtNDJQOucRbsHmxIgzvxbBmKJSRI+p+fp6HCzM+OoGce9QJZ+P58kJO06V7MphtVAVjA==",
      "dependencies": {
        "aws-embedded-metrics": "4.1.0"
      },
      "engines": {
        "node": ">=14"
      },
      "funding": {
        "type": "github",
        "url": "https://github.com/sponsors/willfarrell"
      }
    },
    "node_modules/@middy/core": {
      "version": "4.5.5",
      "resolved": "https://registry.npmjs.org/@middy/core/-/core-4.5.5.tgz",
      "integrity": "sha512-aufpLnrpIcGrpd1cjqWR1fc5iSbO2K63GPkUooT+jtI/M7mofqSkr1dtfPx7fRtAFlZVuAjHCF52wJxGgfj1Ng==",
      "engines": {
        "node": ">=16"
      },
      "funding": {
        "type": "github",
        "url": "https://github.com/sponsors/willfarrell"
      }
    },
    "node_modules/@middy/http-header-normalizer": {
      "version": "4.5.5",
      "resolved": "https://registry.npmjs.org/@middy/http-header-normalizer/-/http-header-normalizer-4.5.5.tgz",
      "integrity": "sha512-+hR8YfsusbbYmxtQ6i2qGgudMKrN3/wwsVDfR0q1YjnxbzNnlNdjRLmTn++bAmpeGcRS0hBdDdHs5lceHvlSRw==",
      "engines": {
        "node": ">=16"
      },
      "funding": {
        "type": "github",
        "url": "https://github.com/sponsors/willfarrell"
      }
    },
    "node_modules/@middy/http-json-body-parser": {
      "version": "4.5.5",
      "resolved": "https://registry.npmjs.org/@middy/http-json-body-parser/-/http-json-body-parser-4.5.5.tgz",
      "integrity": "sha512-B3mtKk07ubpmKQNLHXmgqpdoFkKarhyjFeI66jVQyWTTseDvXrqsJaNNV6fdf/3jJPdBwr14ck1Y5JKNVbVdoA==",
      "dependencies": {
        "@middy/util": "4.5.5"
      },
      "engines": {
        "node": ">=16"
      },
      "funding": {
        "type": "github",
        "url": "https://github.com/sponsors/willfarrell"
      }
    },
    "node_modules/@middy/http-security-headers": {
      "version": "4.5.5",
      "resolved": "https://registry.npmjs.org/@middy/http-security-headers/-/http-security-headers-4.5.5.tgz",
      "integrity": "sha512-ZHwo3r/80ftJl6aRGhKvvnVCWSkr2w7UFqWKyxKM7oxPyz5kL4fYsVki3yOK9apJXpNav3X5wHk1b76Z646Xpg==",
      "dependencies": {
        "@middy/util": "4.5.5"
      },
      "engines": {
        "node": ">=16"
      },
      "funding": {
        "type": "github",
        "url": "https://github.com/sponsors/willfarrell"
      }
    },
    "node_modules/@middy/util": {
      "version": "4.5.5",
      "resolved": "https://registry.npmjs.org/@middy/util/-/util-4.5.5.tgz",
      "integrity": "sha512-Dx4L/8cAvKqHKo7VA2oS3fv5nvGsDgGsgFfsvMZ/1p7+WkPCCyS2tWD0o/aioZiuLy0DTq8u1W6U0+8k8nQgpQ==",
      "engines": {
        "node": ">=16"
      },
      "funding": {
        "type": "github",
        "url": "https://github.com/sponsors/willfarrell"
      }
    },
    "node_modules/@types/aws-lambda": {
      "version": "8.10.119",
      "resolved": "https://registry.npmjs.org/@types/aws-lambda/-/aws-lambda-8.10.119.tgz",
      "integrity": "sha512-Vqm22aZrCvCd6I5g1SvpW151jfqwTzEZ7XJ3yZ6xaZG31nUEOEyzzVImjRcsN8Wi/QyPxId/x8GTtgIbsy8kEw=="
    },
    "node_modules/aws-embedded-metrics": {
      "version": "4.1.0",
      "resolved": "https://registry.npmjs.org/aws-embedded-metrics/-/aws-embedded-metrics-4.1.0.tgz",
      "integrity": "sha512-Yiscee2EfyiczIy9GFOSR0qzqD6kcD0HjQuBJRyO842SkKoFlxzOo/99OVEmg2odUS5XI8oxiS7HO0WTynkteg==",
      "dependencies": {
        "@datastructures-js/heap": "^4.0.2"
      },
      "engines": {
        "node": ">=10.0.0"
      }
    },
    "node_modules/http-status-codes": {
      "version": "2.2.0",
      "resolved": "https://registry.npmjs.org/http-status-codes/-/http-status-codes-2.2.0.tgz",
      "integrity": "sha512-feERVo9iWxvnejp3SEfm/+oNG517npqL2/PIA8ORjyOZjGC7TwCRQsZylciLS64i6pJ0wRYz3rkXLRwbtFa8Ng=="
    }
  },
  "dependencies": {
    "@datastructures-js/heap": {
      "version": "4.3.2",
      "resolved": "https://registry.npmjs.org/@datastructures-js/heap/-/heap-4.3.2.tgz",
      "integrity": "sha512-7/9QSsIZ+wMG3C9++mz9iOjdtTp9C036PISHvNjG3eyFO8nXOBJQFKgeV7M6/+EPl+oXXFRGBb8Ue60LsqTqGw=="
    },
    "@middy/cloudwatch-metrics": {
      "version": "4.5.5",
      "resolved": "https://registry.npmjs.org/@middy/cloudwatch-metrics/-/cloudwatch-metrics-4.5.5.tgz",
      "integrity": "sha512-wlmJF4Jx25Zt5ITqnPDtNDJQOucRbsHmxIgzvxbBmKJSRI+p+fp6HCzM+OoGce9QJZ+P58kJO06V7MphtVAVjA==",
      "requires": {
        "aws-embedded-metrics": "4.1.0"
      }
    },
    "@middy/core": {
      "version": "4.5.5",
      "resolved": "https://registry.npmjs.org/@middy/core/-/core-4.5.5.tgz",
      "integrity": "sha512-aufpLnrpIcGrpd1cjqWR1fc5iSbO2K63GPkUooT+jtI/M7mofqSkr1dtfPx7fRtAFlZVuAjHCF52wJxGgfj1Ng=="
    },
    "@middy/http-header-normalizer": {
      "version": "4.5.5",
      "resolved": "https://registry.npmjs.org/@middy/http-header-normalizer/-/http-header-normalizer-4.5.5.tgz",
      "integrity": "sha512-+hR8YfsusbbYmxtQ6i2qGgudMKrN3/wwsVDfR0q1YjnxbzNnlNdjRLmTn++bAmpeGcRS0hBdDdHs5lceHvlSRw=="
    },
    "@middy/http-json-body-parser": {
      "version": "4.5.5",
      "resolved": "https://registry.npmjs.org/@middy/http-json-body-parser/-/http-json-body-parser-4.5.5.tgz",
      "integrity": "sha512-B3mtKk07ubpmKQNLHXmgqpdoFkKarhyjFeI66jVQyWTTseDvXrqsJaNNV6fdf/3jJPdBwr14ck1Y5JKNVbVdoA==",
      "requires": {
        "@middy/util": "4.5.5"
      }
    },
    "@middy/http-security-headers": {
      "version": "4.5.5",
      "resolved": "https://registry.npmjs.org/@middy/http-security-headers/-/http-security-headers-4.5.5.tgz",
      "integrity": "sha512-ZHwo3r/80ftJl6aRGhKvvnVCWSkr2w7UFqWKyxKM7oxPyz5kL4fYsVki3yOK9apJXpNav3X5wHk1b76Z646Xpg==",
      "requires": {
        "@middy/util": "4.5.5"
      }
    },
    "@middy/util": {
      "version": "4.5.5",
      "resolved": "https://registry.npmjs.org/@middy/util/-/util-4.5.5.tgz",
      "integrity": "sha512-Dx4L/8cAvKqHKo7VA2oS3fv5nvGsDgGsgFfsvMZ/1p7+WkPCCyS2tWD0o/aioZiuLy0DTq8u1W6U0+8k8nQgpQ=="
    },
    "@types/aws-lambda": {
      "version": "8.10.119",
      "resolved": "https://registry.npmjs.org/@types/aws-lambda/-/aws-lambda-8.10.119.tgz",
      "integrity": "sha512-Vqm22aZrCvCd6I5g1SvpW151jfqwTzEZ7XJ3yZ6xaZG31nUEOEyzzVImjRcsN8Wi/QyPxId/x8GTtgIbsy8kEw=="
    },
    "aws-embedded-metrics": {
      "version": "4.1.0",
      "resolved": "https://registry.npmjs.org/aws-embedded-metrics/-/aws-embedded-metrics-4.1.0.tgz",
      "integrity": "sha512-Yiscee2EfyiczIy9GFOSR0qzqD6kcD0HjQuBJRyO842SkKoFlxzOo/99OVEmg2odUS5XI8oxiS7HO0WTynkteg==",
      "requires": {
        "@datastructures-js/heap": "^4.0.2"
      }
    },
    "http-status-codes": {
      "version": "2.2.0",
      "resolved": "https://registry.npmjs.org/http-status-codes/-/http-status-codes-2.2.0.tgz",
      "integrity": "sha512-feERVo9iWxvnejp3SEfm/+oNG517npqL2/PIA8ORjyOZjGC7TwCRQsZylciLS64i6pJ0wRYz3rkXLRwbtFa8Ng=="
    }
  }
}
